
Microsoft Visual Studio Solution File, Format Version 11.00
# Visual Studio 2010
Project("{FAE04EC0-301F-11D3-BF4B-00C04F79EFBC}") = "DAL", "Bobo Trans\DAL.csproj", "{FFC456D3-D22A-427A-80FD-6F0587BE6BCB}"
EndProject
Project("{FAE04EC0-301F-11D3-BF4B-00C04F79EFBC}") = "TestnaAplikacija", "TestnaAplikacija\TestnaAplikacija.csproj", "{87C574C1-311D-4FDD-AD89-02213661602B}"
EndProject
Project("{FAE04EC0-301F-11D3-BF4B-00C04F79EFBC}") = "DesktopAplikacija", "DesktopAplikacija\DesktopAplikacija.csproj", "{C5A3F6B0-FE2D-4928-AB63-EC91CC082920}"
EndProject
Project("{FAE04EC0-301F-11D3-BF4B-00C04F79EFBC}") = "WebServis", "WebServis\WebServis.csproj", "{202C2389-B41D-4FBD-94CC-FDEA86CA77E7}"
EndProject
Project("{FAE04EC0-301F-11D3-BF4B-00C04F79EFBC}") = "QRCodeReader", "QRCodeReader\QRCodeReader.csproj", "{CFE38385-936F-4CEE-9CDE-6E5251B4888E}"
EndProject
Project("{FAE04EC0-301F-11D3-BF4B-00C04F79EFBC}") = "QRCodeGenerator", "QRCodeGenerator\QRCodeGenerator.csproj", "{B2CE8D7D-2DD8-404A-885B-EAF445A8D1B2}"
EndProject
Global
	GlobalSection(SolutionConfigurationPlatforms) = preSolution
		Debug|Any CPU = Debug|Any CPU
		Debug|Mixed Platforms = Debug|Mixed Platforms
		Debug|x86 = Debug|x86
		Release|Any CPU = Release|Any CPU
		Release|Mixed Platforms = Release|Mixed Platforms
		Release|x86 = Release|x86
	EndGlobalSection
	GlobalSection(ProjectConfigurationPlatforms) = postSolution
		{FFC456D3-D22A-427A-80FD-6F0587BE6BCB}.Debug|Any CPU.ActiveCfg = Debug|Any CPU
		{FFC456D3-D22A-427A-80FD-6F0587BE6BCB}.Debug|Any CPU.Build.0 = Debug|Any CPU
		{FFC456D3-D22A-427A-80FD-6F0587BE6BCB}.Debug|Mixed Platforms.ActiveCfg = Debug|Any CPU
		{FFC456D3-D22A-427A-80FD-6F0587BE6BCB}.Debug|Mixed Platforms.Build.0 = Debug|Any CPU
		{FFC456D3-D22A-427A-80FD-6F0587BE6BCB}.Debug|x86.ActiveCfg = Debug|Any CPU
		{FFC456D3-D22A-427A-80FD-6F0587BE6BCB}.Release|Any CPU.ActiveCfg = Release|Any CPU
		{FFC456D3-D22A-427A-80FD-6F0587BE6BCB}.Release|Any CPU.Build.0 = Release|Any CPU
		{FFC456D3-D22A-427A-80FD-6F0587BE6BCB}.Release|Mixed Platforms.ActiveCfg = Release|Any CPU
		{FFC456D3-D22A-427A-80FD-6F0587BE6BCB}.Release|Mixed Platforms.Build.0 = Release|Any CPU
		{FFC456D3-D22A-427A-80FD-6F0587BE6BCB}.Release|x86.ActiveCfg = Release|Any CPU
		{87C574C1-311D-4FDD-AD89-02213661602B}.Debug|Any CPU.ActiveCfg = Debug|x86
		{87C574C1-311D-4FDD-AD89-02213661602B}.Debug|Mixed Platforms.ActiveCfg = Debug|x86
		{87C574C1-311D-4FDD-AD89-02213661602B}.Debug|Mixed Platforms.Build.0 = Debug|x86
		{87C574C1-311D-4FDD-AD89-02213661602B}.Debug|x86.ActiveCfg = Debug|x86
		{87C574C1-311D-4FDD-AD89-02213661602B}.Debug|x86.Build.0 = Debug|x86
		{87C574C1-311D-4FDD-AD89-02213661602B}.Release|Any CPU.ActiveCfg = Release|x86
		{87C574C1-311D-4FDD-AD89-02213661602B}.Release|Mixed Platforms.ActiveCfg = Release|x86
		{87C574C1-311D-4FDD-AD89-02213661602B}.Release|Mixed Platforms.Build.0 = Release|x86
		{87C574C1-311D-4FDD-AD89-02213661602B}.Release|x86.ActiveCfg = Release|x86
		{87C574C1-311D-4FDD-AD89-02213661602B}.Release|x86.Build.0 = Release|x86
		{C5A3F6B0-FE2D-4928-AB63-EC91CC082920}.Debug|Any CPU.ActiveCfg = Debug|x86
		{C5A3F6B0-FE2D-4928-AB63-EC91CC082920}.Debug|Mixed Platforms.ActiveCfg = Debug|x86
		{C5A3F6B0-FE2D-4928-AB63-EC91CC082920}.Debug|Mixed Platforms.Build.0 = Debug|x86
		{C5A3F6B0-FE2D-4928-AB63-EC91CC082920}.Debug|x86.ActiveCfg = Debug|x86
		{C5A3F6B0-FE2D-4928-AB63-EC91CC082920}.Debug|x86.Build.0 = Debug|x86
		{C5A3F6B0-FE2D-4928-AB63-EC91CC082920}.Release|Any CPU.ActiveCfg = Release|x86
		{C5A3F6B0-FE2D-4928-AB63-EC91CC082920}.Release|Mixed Platforms.ActiveCfg = Release|x86
		{C5A3F6B0-FE2D-4928-AB63-EC91CC082920}.Release|Mixed Platforms.Build.0 = Release|x86
		{C5A3F6B0-FE2D-4928-AB63-EC91CC082920}.Release|x86.ActiveCfg = Release|x86
		{C5A3F6B0-FE2D-4928-AB63-EC91CC082920}.Release|x86.Build.0 = Release|x86
		{202C2389-B41D-4FBD-94CC-FDEA86CA77E7}.Debug|Any CPU.ActiveCfg = Debug|Any CPU
		{202C2389-B41D-4FBD-94CC-FDEA86CA77E7}.Debug|Any CPU.Build.0 = Debug|Any CPU
		{202C2389-B41D-4FBD-94CC-FDEA86CA77E7}.Debug|Mixed Platforms.ActiveCfg = Debug|Any CPU
		{202C2389-B41D-4FBD-94CC-FDEA86CA77E7}.Debug|Mixed Platforms.Build.0 = Debug|Any CPU
		{202C2389-B41D-4FBD-94CC-FDEA86CA77E7}.Debug|x86.ActiveCfg = Debug|Any CPU
		{202C2389-B41D-4FBD-94CC-FDEA86CA77E7}.Release|Any CPU.ActiveCfg = Release|Any CPU
		{202C2389-B41D-4FBD-94CC-FDEA86CA77E7}.Release|Any CPU.Build.0 = Release|Any CPU
		{202C2389-B41D-4FBD-94CC-FDEA86CA77E7}.Release|Mixed Platforms.ActiveCfg = Release|Any CPU
		{202C2389-B41D-4FBD-94CC-FDEA86CA77E7}.Release|Mixed Platforms.Build.0 = Release|Any CPU
		{202C2389-B41D-4FBD-94CC-FDEA86CA77E7}.Release|x86.ActiveCfg = Release|Any CPU
		{CFE38385-936F-4CEE-9CDE-6E5251B4888E}.Debug|Any CPU.ActiveCfg = Debug|x86
		{CFE38385-936F-4CEE-9CDE-6E5251B4888E}.Debug|Mixed Platforms.ActiveCfg = Debug|x86
		{CFE38385-936F-4CEE-9CDE-6E5251B4888E}.Debug|Mixed Platforms.Build.0 = Debug|x86
		{CFE38385-936F-4CEE-9CDE-6E5251B4888E}.Debug|x86.ActiveCfg = Debug|x86
		{CFE38385-936F-4CEE-9CDE-6E5251B4888E}.Debug|x86.Build.0 = Debug|x86
		{CFE38385-936F-4CEE-9CDE-6E5251B4888E}.Release|Any CPU.ActiveCfg = Release|x86
		{CFE38385-936F-4CEE-9CDE-6E5251B4888E}.Release|Mixed Platforms.ActiveCfg = Release|x86
		{CFE38385-936F-4CEE-9CDE-6E5251B4888E}.Release|Mixed Platforms.Build.0 = Release|x86
		{CFE38385-936F-4CEE-9CDE-6E5251B4888E}.Release|x86.ActiveCfg = Release|x86
		{CFE38385-936F-4CEE-9CDE-6E5251B4888E}.Release|x86.Build.0 = Release|x86
		{B2CE8D7D-2DD8-404A-885B-EAF445A8D1B2}.Debug|Any CPU.ActiveCfg = Debug|x86
		{B2CE8D7D-2DD8-404A-885B-EAF445A8D1B2}.Debug|Mixed Platforms.ActiveCfg = Debug|x86
		{B2CE8D7D-2DD8-404A-885B-EAF445A8D1B2}.Debug|Mixed Platforms.Build.0 = Debug|x86
		{B2CE8D7D-2DD8-404A-885B-EAF445A8D1B2}.Debug|x86.ActiveCfg = Debug|x86
		{B2CE8D7D-2DD8-404A-885B-EAF445A8D1B2}.Debug|x86.Build.0 = Debug|x86
		{B2CE8D7D-2DD8-404A-885B-EAF445A8D1B2}.Release|Any CPU.ActiveCfg = Release|x86
		{B2CE8D7D-2DD8-404A-885B-EAF445A8D1B2}.Release|Mixed Platforms.ActiveCfg = Release|x86
		{B2CE8D7D-2DD8-404A-885B-EAF445A8D1B2}.Release|Mixed Platforms.Build.0 = Release|x86
		{B2CE8D7D-2DD8-404A-885B-EAF445A8D1B2}.Release|x86.ActiveCfg = Release|x86
		{B2CE8D7D-2DD8-404A-885B-EAF445A8D1B2}.Release|x86.Build.0 = Release|x86
	EndGlobalSection
	GlobalSection(SolutionProperties) = preSolution
		HideSolutionNode = FALSE
	EndGlobalSection
EndGlobal
